
Microsoft Visual Studio Solution File, Format Version 11.00
# Visual Studio 2010
Project("{FAE04EC0-301F-11D3-BF4B-00C04F79EFBC}") = "MgaSystems.IMS.Accounting.Shared", "MgaSystems.IMS.Accounting.Shared.csproj", "{0CDF2E71-074B-4695-AB5E-2816C2176891}"
EndProject
Global
	GlobalSection(SolutionConfigurationPlatforms) = preSolution
		Debug|Any CPU = Debug|Any CPU
		Release|Any CPU = Release|Any CPU
	EndGlobalSection
	GlobalSection(ProjectConfigurationPlatforms) = postSolution
		{0CDF2E71-074B-4695-AB5E-2816C2176891}.Debug|Any CPU.ActiveCfg = Debug|Any CPU
		{0CDF2E71-074B-4695-AB5E-2816C2176891}.Debug|Any CPU.Build.0 = Debug|Any CPU
		{0CDF2E71-074B-4695-AB5E-2816C2176891}.Release|Any CPU.ActiveCfg = Release|Any CPU
		{0CDF2E71-074B-4695-AB5E-2816C2176891}.Release|Any CPU.Build.0 = Release|Any CPU
	EndGlobalSection
	GlobalSection(SolutionProperties) = preSolution
		HideSolutionNode = FALSE
	EndGlobalSection
EndGlobal
