
Microsoft Visual Studio Solution File, Format Version 11.00
# Visual Studio 2010
Project("{FAE04EC0-301F-11D3-BF4B-00C04F79EFBC}") = "MgaSystems.IMS.ErrorHandling", "MgaSystems.IMS.ErrorHandling.csproj", "{B942C214-E534-4B3A-B8EB-5A0761FDEAA3}"
EndProject
Global
	GlobalSection(SolutionConfigurationPlatforms) = preSolution
		Debug|Any CPU = Debug|Any CPU
		Release|Any CPU = Release|Any CPU
	EndGlobalSection
	GlobalSection(ProjectConfigurationPlatforms) = postSolution
		{B942C214-E534-4B3A-B8EB-5A0761FDEAA3}.Debug|Any CPU.ActiveCfg = Debug|Any CPU
		{B942C214-E534-4B3A-B8EB-5A0761FDEAA3}.Debug|Any CPU.Build.0 = Debug|Any CPU
		{B942C214-E534-4B3A-B8EB-5A0761FDEAA3}.Release|Any CPU.ActiveCfg = Release|Any CPU
		{B942C214-E534-4B3A-B8EB-5A0761FDEAA3}.Release|Any CPU.Build.0 = Release|Any CPU
	EndGlobalSection
	GlobalSection(SolutionProperties) = preSolution
		HideSolutionNode = FALSE
	EndGlobalSection
EndGlobal
