
Microsoft Visual Studio Solution File, Format Version 11.00
# Visual Studio 2010
Project("{FAE04EC0-301F-11D3-BF4B-00C04F79EFBC}") = "MgaSystems.IMS.Rating.Property", "MgaSystems.IMS.Rating.Property.csproj", "{24E3A861-D798-43E5-BFF7-F999576B3DA8}"
EndProject
Global
	GlobalSection(SolutionConfigurationPlatforms) = preSolution
		Debug|Any CPU = Debug|Any CPU
		Release|Any CPU = Release|Any CPU
	EndGlobalSection
	GlobalSection(ProjectConfigurationPlatforms) = postSolution
		{24E3A861-D798-43E5-BFF7-F999576B3DA8}.Debug|Any CPU.ActiveCfg = Debug|Any CPU
		{24E3A861-D798-43E5-BFF7-F999576B3DA8}.Debug|Any CPU.Build.0 = Debug|Any CPU
		{24E3A861-D798-43E5-BFF7-F999576B3DA8}.Release|Any CPU.ActiveCfg = Release|Any CPU
		{24E3A861-D798-43E5-BFF7-F999576B3DA8}.Release|Any CPU.Build.0 = Release|Any CPU
	EndGlobalSection
	GlobalSection(SolutionProperties) = preSolution
		HideSolutionNode = FALSE
	EndGlobalSection
EndGlobal
